
Microsoft Visual Studio Solution File, Format Version 12.00
# Visual Studio Version 16
VisualStudioVersion = 16.0.30413.136
MinimumVisualStudioVersion = 10.0.40219.1
Project("{FAE04EC0-301F-11D3-BF4B-00C04F79EFBC}") = "MittBilregister", "MittBilregister\MittBilregister.csproj", "{E48CAE6A-4DB2-484F-BEF4-F1F1A222E2CC}"
EndProject
Global
	GlobalSection(SolutionConfigurationPlatforms) = preSolution
		Debug|Any CPU = Debug|Any CPU
		Release|Any CPU = Release|Any CPU
	EndGlobalSection
	GlobalSection(ProjectConfigurationPlatforms) = postSolution
		{E48CAE6A-4DB2-484F-BEF4-F1F1A222E2CC}.Debug|Any CPU.ActiveCfg = Debug|Any CPU
		{E48CAE6A-4DB2-484F-BEF4-F1F1A222E2CC}.Debug|Any CPU.Build.0 = Debug|Any CPU
		{E48CAE6A-4DB2-484F-BEF4-F1F1A222E2CC}.Release|Any CPU.ActiveCfg = Release|Any CPU
		{E48CAE6A-4DB2-484F-BEF4-F1F1A222E2CC}.Release|Any CPU.Build.0 = Release|Any CPU
	EndGlobalSection
	GlobalSection(SolutionProperties) = preSolution
		HideSolutionNode = FALSE
	EndGlobalSection
	GlobalSection(ExtensibilityGlobals) = postSolution
		SolutionGuid = {2385CC8B-2343-4DB9-B618-CC5F18E0AD4F}
	EndGlobalSection
EndGlobal
