
Microsoft Visual Studio Solution File, Format Version 12.00
# Visual Studio Version 16
VisualStudioVersion = 16.0.30413.136
MinimumVisualStudioVersion = 10.0.40219.1
Project("{FAE04EC0-301F-11D3-BF4B-00C04F79EFBC}") = "Bondesjakk2deaV1", "Bondesjakk2deaV1\Bondesjakk2deaV1.csproj", "{B432BAF2-D9FC-4F67-AB7E-1E934042AD25}"
EndProject
Global
	GlobalSection(SolutionConfigurationPlatforms) = preSolution
		Debug|Any CPU = Debug|Any CPU
		Release|Any CPU = Release|Any CPU
	EndGlobalSection
	GlobalSection(ProjectConfigurationPlatforms) = postSolution
		{B432BAF2-D9FC-4F67-AB7E-1E934042AD25}.Debug|Any CPU.ActiveCfg = Debug|Any CPU
		{B432BAF2-D9FC-4F67-AB7E-1E934042AD25}.Debug|Any CPU.Build.0 = Debug|Any CPU
		{B432BAF2-D9FC-4F67-AB7E-1E934042AD25}.Release|Any CPU.ActiveCfg = Release|Any CPU
		{B432BAF2-D9FC-4F67-AB7E-1E934042AD25}.Release|Any CPU.Build.0 = Release|Any CPU
	EndGlobalSection
	GlobalSection(SolutionProperties) = preSolution
		HideSolutionNode = FALSE
	EndGlobalSection
	GlobalSection(ExtensibilityGlobals) = postSolution
		SolutionGuid = {6AF42EDF-6414-4E3A-907E-192E9C24F4DC}
	EndGlobalSection
EndGlobal
